
Microsoft Visual Studio Solution File, Format Version 12.00
# Visual Studio Version 16
VisualStudioVersion = 16.0.31729.503
MinimumVisualStudioVersion = 10.0.40219.1
Project("{FAE04EC0-301F-11D3-BF4B-00C04F79EFBC}") = "projektCardGame", "projektCardGame\projektCardGame.csproj", "{6AA3CD98-AA26-444C-8104-C184F54F5518}"
EndProject
Global
	GlobalSection(SolutionConfigurationPlatforms) = preSolution
		Debug|Any CPU = Debug|Any CPU
		Release|Any CPU = Release|Any CPU
	EndGlobalSection
	GlobalSection(ProjectConfigurationPlatforms) = postSolution
		{6AA3CD98-AA26-444C-8104-C184F54F5518}.Debug|Any CPU.ActiveCfg = Debug|Any CPU
		{6AA3CD98-AA26-444C-8104-C184F54F5518}.Debug|Any CPU.Build.0 = Debug|Any CPU
		{6AA3CD98-AA26-444C-8104-C184F54F5518}.Release|Any CPU.ActiveCfg = Release|Any CPU
		{6AA3CD98-AA26-444C-8104-C184F54F5518}.Release|Any CPU.Build.0 = Release|Any CPU
	EndGlobalSection
	GlobalSection(SolutionProperties) = preSolution
		HideSolutionNode = FALSE
	EndGlobalSection
	GlobalSection(ExtensibilityGlobals) = postSolution
		SolutionGuid = {84171F10-ECF1-4FCF-A782-4332565D0304}
	EndGlobalSection
EndGlobal
